
Microsoft Visual Studio Solution File, Format Version 12.00
# Visual Studio Version 17
VisualStudioVersion = 17.4.33110.190
MinimumVisualStudioVersion = 10.0.40219.1
Project("{FAE04EC0-301F-11D3-BF4B-00C04F79EFBC}") = "SauceDemoProject", "SauceDemoProject\SauceDemoProject.csproj", "{6FA8AD7A-253C-42CE-8A29-17C8876B7DB6}"
EndProject
Global
	GlobalSection(SolutionConfigurationPlatforms) = preSolution
		Debug|Any CPU = Debug|Any CPU
		Release|Any CPU = Release|Any CPU
	EndGlobalSection
	GlobalSection(ProjectConfigurationPlatforms) = postSolution
		{6FA8AD7A-253C-42CE-8A29-17C8876B7DB6}.Debug|Any CPU.ActiveCfg = Debug|Any CPU
		{6FA8AD7A-253C-42CE-8A29-17C8876B7DB6}.Debug|Any CPU.Build.0 = Debug|Any CPU
		{6FA8AD7A-253C-42CE-8A29-17C8876B7DB6}.Release|Any CPU.ActiveCfg = Release|Any CPU
		{6FA8AD7A-253C-42CE-8A29-17C8876B7DB6}.Release|Any CPU.Build.0 = Release|Any CPU
	EndGlobalSection
	GlobalSection(SolutionProperties) = preSolution
		HideSolutionNode = FALSE
	EndGlobalSection
	GlobalSection(ExtensibilityGlobals) = postSolution
		SolutionGuid = {4351E5C5-E05B-4D29-AC5F-7E97A2CE7CCE}
	EndGlobalSection
EndGlobal
